
Microsoft Visual Studio Solution File, Format Version 12.00
# Visual Studio 15
VisualStudioVersion = 15.0.27703.2018
MinimumVisualStudioVersion = 10.0.40219.1
Project("{FAE04EC0-301F-11D3-BF4B-00C04F79EFBC}") = "edX.DataApp.Lab.CoreConsole", "edX.DataApp.Lab.CoreConsole\edX.DataApp.Lab.CoreConsole.csproj", "{B4F69C38-25D9-4559-AC5A-59909F5F1249}"
EndProject
Global
	GlobalSection(SolutionConfigurationPlatforms) = preSolution
		Debug|Any CPU = Debug|Any CPU
		Release|Any CPU = Release|Any CPU
	EndGlobalSection
	GlobalSection(ProjectConfigurationPlatforms) = postSolution
		{B4F69C38-25D9-4559-AC5A-59909F5F1249}.Debug|Any CPU.ActiveCfg = Debug|Any CPU
		{B4F69C38-25D9-4559-AC5A-59909F5F1249}.Debug|Any CPU.Build.0 = Debug|Any CPU
		{B4F69C38-25D9-4559-AC5A-59909F5F1249}.Release|Any CPU.ActiveCfg = Release|Any CPU
		{B4F69C38-25D9-4559-AC5A-59909F5F1249}.Release|Any CPU.Build.0 = Release|Any CPU
	EndGlobalSection
	GlobalSection(SolutionProperties) = preSolution
		HideSolutionNode = FALSE
	EndGlobalSection
	GlobalSection(ExtensibilityGlobals) = postSolution
		SolutionGuid = {7C5B3045-AD20-49CA-857A-428DB50FA9CB}
	EndGlobalSection
EndGlobal
